
Microsoft Visual Studio Solution File, Format Version 12.00
# Visual Studio Version 16
VisualStudioVersion = 16.0.29613.14
MinimumVisualStudioVersion = 10.0.40219.1
Project("{FAE04EC0-301F-11D3-BF4B-00C04F79EFBC}") = "StockProject", "StockProject\StockProject.csproj", "{1C741E67-27B8-4F5F-8CCC-2B3D291ACBCD}"
EndProject
Global
	GlobalSection(SolutionConfigurationPlatforms) = preSolution
		Debug|Any CPU = Debug|Any CPU
		Release|Any CPU = Release|Any CPU
	EndGlobalSection
	GlobalSection(ProjectConfigurationPlatforms) = postSolution
		{1C741E67-27B8-4F5F-8CCC-2B3D291ACBCD}.Debug|Any CPU.ActiveCfg = Debug|Any CPU
		{1C741E67-27B8-4F5F-8CCC-2B3D291ACBCD}.Debug|Any CPU.Build.0 = Debug|Any CPU
		{1C741E67-27B8-4F5F-8CCC-2B3D291ACBCD}.Release|Any CPU.ActiveCfg = Release|Any CPU
		{1C741E67-27B8-4F5F-8CCC-2B3D291ACBCD}.Release|Any CPU.Build.0 = Release|Any CPU
	EndGlobalSection
	GlobalSection(SolutionProperties) = preSolution
		HideSolutionNode = FALSE
	EndGlobalSection
	GlobalSection(ExtensibilityGlobals) = postSolution
		SolutionGuid = {4CD534C2-8C10-4A11-A150-F67F628A125F}
	EndGlobalSection
EndGlobal
